
Microsoft Visual Studio Solution File, Format Version 12.00
# Visual Studio Version 17
VisualStudioVersion = 17.7.34202.233
MinimumVisualStudioVersion = 10.0.40219.1
Project("{FAE04EC0-301F-11D3-BF4B-00C04F79EFBC}") = "MoneyHelp.Api", "MoneyHelp.Api\MoneyHelp.Api.csproj", "{84DDD13F-91BF-48C9-82C2-E7B510688271}"
EndProject
Project("{FAE04EC0-301F-11D3-BF4B-00C04F79EFBC}") = "MoneyHelp.Core", "MoneyHelp.Core\MoneyHelp.Core.csproj", "{9402F2E0-DD4C-47F0-90D7-BF541871BC0A}"
EndProject
Project("{FAE04EC0-301F-11D3-BF4B-00C04F79EFBC}") = "MoneyHelp.DataAccess.Abstractions", "MoneyHelp.DataAccess.Abstractions\MoneyHelp.DataAccess.Abstractions.csproj", "{58637F8E-4578-41ED-8F2C-B37C49BBD13B}"
EndProject
Project("{FAE04EC0-301F-11D3-BF4B-00C04F79EFBC}") = "MoneyHelp.DataAccess.EntityFramework", "MoneyHelp.DataAccess.EntityFramework\MoneyHelp.DataAccess.EntityFramework.csproj", "{4DE471FD-9B2C-4BE5-9851-95234EBA37A1}"
EndProject
Global
	GlobalSection(SolutionConfigurationPlatforms) = preSolution
		Debug|Any CPU = Debug|Any CPU
		Release|Any CPU = Release|Any CPU
	EndGlobalSection
	GlobalSection(ProjectConfigurationPlatforms) = postSolution
		{84DDD13F-91BF-48C9-82C2-E7B510688271}.Debug|Any CPU.ActiveCfg = Debug|Any CPU
		{84DDD13F-91BF-48C9-82C2-E7B510688271}.Debug|Any CPU.Build.0 = Debug|Any CPU
		{84DDD13F-91BF-48C9-82C2-E7B510688271}.Release|Any CPU.ActiveCfg = Release|Any CPU
		{84DDD13F-91BF-48C9-82C2-E7B510688271}.Release|Any CPU.Build.0 = Release|Any CPU
		{9402F2E0-DD4C-47F0-90D7-BF541871BC0A}.Debug|Any CPU.ActiveCfg = Debug|Any CPU
		{9402F2E0-DD4C-47F0-90D7-BF541871BC0A}.Debug|Any CPU.Build.0 = Debug|Any CPU
		{9402F2E0-DD4C-47F0-90D7-BF541871BC0A}.Release|Any CPU.ActiveCfg = Release|Any CPU
		{9402F2E0-DD4C-47F0-90D7-BF541871BC0A}.Release|Any CPU.Build.0 = Release|Any CPU
		{58637F8E-4578-41ED-8F2C-B37C49BBD13B}.Debug|Any CPU.ActiveCfg = Debug|Any CPU
		{58637F8E-4578-41ED-8F2C-B37C49BBD13B}.Debug|Any CPU.Build.0 = Debug|Any CPU
		{58637F8E-4578-41ED-8F2C-B37C49BBD13B}.Release|Any CPU.ActiveCfg = Release|Any CPU
		{58637F8E-4578-41ED-8F2C-B37C49BBD13B}.Release|Any CPU.Build.0 = Release|Any CPU
		{4DE471FD-9B2C-4BE5-9851-95234EBA37A1}.Debug|Any CPU.ActiveCfg = Debug|Any CPU
		{4DE471FD-9B2C-4BE5-9851-95234EBA37A1}.Debug|Any CPU.Build.0 = Debug|Any CPU
		{4DE471FD-9B2C-4BE5-9851-95234EBA37A1}.Release|Any CPU.ActiveCfg = Release|Any CPU
		{4DE471FD-9B2C-4BE5-9851-95234EBA37A1}.Release|Any CPU.Build.0 = Release|Any CPU
	EndGlobalSection
	GlobalSection(SolutionProperties) = preSolution
		HideSolutionNode = FALSE
	EndGlobalSection
	GlobalSection(ExtensibilityGlobals) = postSolution
		SolutionGuid = {2AE2A39E-C527-42E9-BE2F-FC030B4D1B47}
	EndGlobalSection
EndGlobal
